hash: eda6d140a68ff02b1c39f4fc714944feee52d07409586a7f622309c5008f8ec6
updated: 2017-12-20T01:33:36.268506+01:00
imports:
- name: github.com/gorilla/websocket
  version: ea4d1f681babbce9545c9c5f3d5194a789c89f5b
- name: github.com/preichenberger/go-gdax
  version: 77508b321c9785d9d8d804d564794d5bf6d4283e
testImports: []
